
Microsoft Visual Studio Solution File, Format Version 12.00
# Visual Studio Version 16
VisualStudioVersion = 16.0.29411.108
MinimumVisualStudioVersion = 10.0.40219.1
Project("{9A19103F-16F7-4668-BE54-9A1E7A4F7556}") = "ConsoleAppOOP", "ConsoleAppOOP\ConsoleAppOOP.csproj", "{3A36BD0A-8211-48A6-9E60-A011AC846F7B}"
EndProject
Project("{FAE04EC0-301F-11D3-BF4B-00C04F79EFBC}") = "XUnitTestOOP", "XUnitTestOOP\XUnitTestOOP.csproj", "{CF564078-F71F-46FE-A9EB-F250EEB9113E}"
EndProject
Global
	GlobalSection(SolutionConfigurationPlatforms) = preSolution
		Debug|Any CPU = Debug|Any CPU
		Release|Any CPU = Release|Any CPU
	EndGlobalSection
	GlobalSection(ProjectConfigurationPlatforms) = postSolution
		{3A36BD0A-8211-48A6-9E60-A011AC846F7B}.Debug|Any CPU.ActiveCfg = Debug|Any CPU
		{3A36BD0A-8211-48A6-9E60-A011AC846F7B}.Debug|Any CPU.Build.0 = Debug|Any CPU
		{3A36BD0A-8211-48A6-9E60-A011AC846F7B}.Release|Any CPU.ActiveCfg = Release|Any CPU
		{3A36BD0A-8211-48A6-9E60-A011AC846F7B}.Release|Any CPU.Build.0 = Release|Any CPU
		{CF564078-F71F-46FE-A9EB-F250EEB9113E}.Debug|Any CPU.ActiveCfg = Debug|Any CPU
		{CF564078-F71F-46FE-A9EB-F250EEB9113E}.Debug|Any CPU.Build.0 = Debug|Any CPU
		{CF564078-F71F-46FE-A9EB-F250EEB9113E}.Release|Any CPU.ActiveCfg = Release|Any CPU
		{CF564078-F71F-46FE-A9EB-F250EEB9113E}.Release|Any CPU.Build.0 = Release|Any CPU
	EndGlobalSection
	GlobalSection(SolutionProperties) = preSolution
		HideSolutionNode = FALSE
	EndGlobalSection
	GlobalSection(ExtensibilityGlobals) = postSolution
		SolutionGuid = {DCE32BE3-D1CF-4469-BEF3-A9CCF476A02D}
	EndGlobalSection
EndGlobal
